#
# This file is autogenerated by pip-compile with Python 3.11
# by the following command:
#
#    pip-compile --extra=dev --output-file=requirements-dev.lock pyproject.toml
#
annotated-doc==0.0.4
    # via typer
ast-serialize==0.6.0
    # via mypy
boto3==1.43.48
    # via aws-security-auditor (pyproject.toml)
botocore==1.43.48
    # via
    #   aws-security-auditor (pyproject.toml)
    #   boto3
    #   s3transfer
iniconfig==2.3.0
    # via pytest
jmespath==1.1.0
    # via
    #   boto3
    #   botocore
librt==0.13.0
    # via mypy
markdown-it-py==4.2.0
    # via rich
mdurl==0.1.2
    # via markdown-it-py
mypy==2.3.0
    # via aws-security-auditor (pyproject.toml)
mypy-extensions==1.1.0
    # via mypy
packaging==26.2
    # via pytest
pathspec==1.1.1
    # via mypy
pluggy==1.6.0
    # via pytest
pygments==2.20.0
    # via
    #   pytest
    #   rich
pytest==9.1.1
    # via
    #   aws-security-auditor (pyproject.toml)
    #   pytest-mock
pytest-mock==3.15.1
    # via aws-security-auditor (pyproject.toml)
python-dateutil==2.9.0.post0
    # via botocore
rich==15.0.0
    # via
    #   aws-security-auditor (pyproject.toml)
    #   typer
ruff==0.15.21
    # via aws-security-auditor (pyproject.toml)
s3transfer==0.19.1
    # via boto3
shellingham==1.5.4
    # via typer
six==1.17.0
    # via python-dateutil
typer==0.26.8
    # via aws-security-auditor (pyproject.toml)
typing-extensions==4.16.0
    # via mypy
urllib3==2.7.0
    # via botocore
